# THIS IS AN AUTOGENERATED FILE. DO NOT EDIT THIS FILE DIRECTLY.
# yarn lockfile v1


"@types/bun@latest":
  version "1.1.11"
  resolved "https://registry.yarnpkg.com/@types/bun/-/bun-1.1.11.tgz#21477df74f9034e2a73fbff6365e3aa28d1ed95f"
  integrity sha512-0N7D/H/8sbf9JMkaG5F3+I/cB4TlhKTkO9EskEWP8XDr8aVcDe4EywSnU4cnyZy6tar1dq70NeFNkqMEUigthw==
  dependencies:
    bun-types "1.1.30"

"@types/node@*":
  version "22.7.7"
  resolved "https://registry.yarnpkg.com/@types/node/-/node-22.7.7.tgz#6cd9541c3dccb4f7e8b141b491443f4a1570e307"
  integrity sha512-SRxCrrg9CL/y54aiMCG3edPKdprgMVGDXjA3gB8UmmBW5TcXzRUYAh8EWzTnSJFAd1rgImPELza+A3bJ+qxz8Q==
  dependencies:
    undici-types "~6.19.2"

"@types/node@~20.12.8":
  version "20.12.14"
  resolved "https://registry.yarnpkg.com/@types/node/-/node-20.12.14.tgz#0c5cf7ef26aedfd64b0539bba9380ed1f57dcc77"
  integrity sha512-scnD59RpYD91xngrQQLGkE+6UrHUPzeKZWhhjBSa3HSkwjbQc38+q3RoIVEwxQGRw3M+j5hpNAM+lgV3cVormg==
  dependencies:
    undici-types "~5.26.4"

"@types/ws@~8.5.10":
  version "8.5.12"
  resolved "https://registry.yarnpkg.com/@types/ws/-/ws-8.5.12.tgz#619475fe98f35ccca2a2f6c137702d85ec247b7e"
  integrity sha512-3tPRkv1EtkDpzlgyKyI8pGsGZAGPEaXeu0DOj5DI25Ja91bdAYddYHbADRYVrZMRbfW+1l5YwXVDKohDJNQxkQ==
  dependencies:
    "@types/node" "*"

bun-types@1.1.30:
  version "1.1.30"
  resolved "https://registry.yarnpkg.com/bun-types/-/bun-types-1.1.30.tgz#45ca22303aa1ff02b93e45c1d6ba43617497ed43"
  integrity sha512-mGh7NLisOXskBU62DxLS+/nwmLlCYHYAkCzdo4DZ9+fzrpP41hAdOqaN4DO6tQfenHb4pYb0/shw29k4/6I2yQ==
  dependencies:
    "@types/node" "~20.12.8"
    "@types/ws" "~8.5.10"

google-protobuf@^3.21.4:
  version "3.21.4"
  resolved "https://registry.yarnpkg.com/google-protobuf/-/google-protobuf-3.21.4.tgz#2f933e8b6e5e9f8edde66b7be0024b68f77da6c9"
  integrity sha512-MnG7N936zcKTco4Jd2PX2U96Kf9PxygAPKBug+74LHzmHXmceN16MmRcdgZv+DGef/S9YvQAfRsNCn4cjf9yyQ==

protoc-gen-ts@^0.8.7:
  version "0.8.7"
  resolved "https://registry.yarnpkg.com/protoc-gen-ts/-/protoc-gen-ts-0.8.7.tgz#63e4d9af2ad30b753acf6f739323d01fc9f80b52"
  integrity sha512-jr4VJey2J9LVYCV7EVyVe53g1VMw28cCmYJhBe5e3YX5wiyiDwgxWxeDf9oTqAe4P1bN/YGAkW2jhlH8LohwiQ==

undici-types@~5.26.4:
  version "5.26.5"
  resolved "https://registry.yarnpkg.com/undici-types/-/undici-types-5.26.5.tgz#bcd539893d00b56e964fd2657a4866b221a65617"
  integrity sha512-JlCMO+ehdEIKqlFxk6IfVoAUVmgz7cU7zD/h9XZ0qzeosSHmUJVOzSQvvYSYWXkFXC+IfLKSIffhv0sVZup6pA==

undici-types@~6.19.2:
  version "6.19.8"
  resolved "https://registry.yarnpkg.com/undici-types/-/undici-types-6.19.8.tgz#35111c9d1437ab83a7cdc0abae2f26d88eda0a02"
  integrity sha512-ve2KP6f/JnbPBFyobGHuerC9g1FYGn/F8n1LWTwNxCEzd6IfqTwUQcNXgEtmmQ6DlRrC1hrSrBnCZPokRrDHjw==
